
Microsoft Visual Studio Solution File, Format Version 12.00
# Visual Studio Version 17
VisualStudioVersion = 17.9.34714.143
MinimumVisualStudioVersion = 10.0.40219.1
Project("{9A19103F-16F7-4668-BE54-9A1E7A4F7556}") = "ManageRentNow.Api", "ManageRentNowWebApi\ManageRentNow.Api.csproj", "{327BFB72-DB8B-416F-8170-DA9476AD5FA1}"
EndProject
Project("{9A19103F-16F7-4668-BE54-9A1E7A4F7556}") = "ManageRentNow", "ManageRentNow\ManageRentNow.csproj", "{E7AE7202-3E67-452B-8E59-05775E83F9BF}"
EndProject
Global
	GlobalSection(SolutionConfigurationPlatforms) = preSolution
		Debug|Any CPU = Debug|Any CPU
		Release|Any CPU = Release|Any CPU
	EndGlobalSection
	GlobalSection(ProjectConfigurationPlatforms) = postSolution
		{327BFB72-DB8B-416F-8170-DA9476AD5FA1}.Debug|Any CPU.ActiveCfg = Debug|Any CPU
		{327BFB72-DB8B-416F-8170-DA9476AD5FA1}.Debug|Any CPU.Build.0 = Debug|Any CPU
		{327BFB72-DB8B-416F-8170-DA9476AD5FA1}.Release|Any CPU.ActiveCfg = Release|Any CPU
		{327BFB72-DB8B-416F-8170-DA9476AD5FA1}.Release|Any CPU.Build.0 = Release|Any CPU
		{E7AE7202-3E67-452B-8E59-05775E83F9BF}.Debug|Any CPU.ActiveCfg = Debug|Any CPU
		{E7AE7202-3E67-452B-8E59-05775E83F9BF}.Debug|Any CPU.Build.0 = Debug|Any CPU
		{E7AE7202-3E67-452B-8E59-05775E83F9BF}.Release|Any CPU.ActiveCfg = Release|Any CPU
		{E7AE7202-3E67-452B-8E59-05775E83F9BF}.Release|Any CPU.Build.0 = Release|Any CPU
	EndGlobalSection
	GlobalSection(SolutionProperties) = preSolution
		HideSolutionNode = FALSE
	EndGlobalSection
	GlobalSection(ExtensibilityGlobals) = postSolution
		SolutionGuid = {31B80DE5-6617-431E-938E-A12645874659}
	EndGlobalSection
EndGlobal
